// !$*UTF8*$!
{
	archiveVersion = 1;
	classes = {
	};
	objectVersion = 56;
	objects = {

/* Begin PBXBuildFile section */
		204ACEB32BAFA39B00746075 /* AppDelegate.swift in Sources */ = {isa = PBXBuildFile; fileRef = 204ACEB22BAFA39B00746075 /* AppDelegate.swift */; };
		204ACEB52BAFA39B00746075 /* SceneDelegate.swift in Sources */ = {isa = PBXBuildFile; fileRef = 204ACEB42BAFA39B00746075 /* SceneDelegate.swift */; };
		204ACEB72BAFA39B00746075 /* ViewController.swift in Sources */ = {isa = PBXBuildFile; fileRef = 204ACEB62BAFA39B00746075 /* ViewController.swift */; };
		204ACEBC2BAFA39E00746075 /* Assets.xcassets in Resources */ = {isa = PBXBuildFile; fileRef = 204ACEBB2BAFA39E00746075 /* Assets.xcassets */; };
		204ACEBF2BAFA39E00746075 /* LaunchScreen.storyboard in Resources */ = {isa = PBXBuildFile; fileRef = 204ACEBD2BAFA39E00746075 /* LaunchScreen.storyboard */; };
		204ACED82BAFA4AA00746075 /* SignUpViewController.swift in Sources */ = {isa = PBXBuildFile; fileRef = 204ACED02BAFA4AA00746075 /* SignUpViewController.swift */; };
		204ACED92BAFA4AA00746075 /* SignUpViewController.xib in Resources */ = {isa = PBXBuildFile; fileRef = 204ACED12BAFA4AA00746075 /* SignUpViewController.xib */; };
		204ACEDA2BAFA4AA00746075 /* PreLoginViewController.xib in Resources */ = {isa = PBXBuildFile; fileRef = 204ACED32BAFA4AA00746075 /* PreLoginViewController.xib */; };
		204ACEDB2BAFA4AA00746075 /* PreLoginViewController.swift in Sources */ = {isa = PBXBuildFile; fileRef = 204ACED42BAFA4AA00746075 /* PreLoginViewController.swift */; };
		204ACEDC2BAFA4AA00746075 /* LoginViewController.xib in Resources */ = {isa = PBXBuildFile; fileRef = 204ACED62BAFA4AA00746075 /* LoginViewController.xib */; };
		204ACEDD2BAFA4AA00746075 /* LoginViewController.swift in Sources */ = {isa = PBXBuildFile; fileRef = 204ACED72BAFA4AA00746075 /* LoginViewController.swift */; };
		204ACEEA2BAFA4F500746075 /* LibraryViewController.xib in Resources */ = {isa = PBXBuildFile; fileRef = 204ACEDF2BAFA4F500746075 /* LibraryViewController.xib */; };
		204ACEEB2BAFA4F500746075 /* LibraryViewController.swift in Sources */ = {isa = PBXBuildFile; fileRef = 204ACEE02BAFA4F500746075 /* LibraryViewController.swift */; };
		204ACEEC2BAFA4F500746075 /* HomeViewController.xib in Resources */ = {isa = PBXBuildFile; fileRef = 204ACEE22BAFA4F500746075 /* HomeViewController.xib */; };
		204ACEED2BAFA4F500746075 /* HomeViewController.swift in Sources */ = {isa = PBXBuildFile; fileRef = 204ACEE32BAFA4F500746075 /* HomeViewController.swift */; };
		204ACEEE2BAFA4F500746075 /* SearchViewController.swift in Sources */ = {isa = PBXBuildFile; fileRef = 204ACEE52BAFA4F500746075 /* SearchViewController.swift */; };
		204ACEEF2BAFA4F500746075 /* SearchViewController.xib in Resources */ = {isa = PBXBuildFile; fileRef = 204ACEE62BAFA4F500746075 /* SearchViewController.xib */; };
		204ACEF02BAFA4F500746075 /* TabBarViewController.xib in Resources */ = {isa = PBXBuildFile; fileRef = 204ACEE82BAFA4F500746075 /* TabBarViewController.xib */; };
		204ACEF12BAFA4F500746075 /* TabBarViewController.swift in Sources */ = {isa = PBXBuildFile; fileRef = 204ACEE92BAFA4F500746075 /* TabBarViewController.swift */; };
		204ACEF52BAFA51200746075 /* exenstions.swift in Sources */ = {isa = PBXBuildFile; fileRef = 204ACEF42BAFA51200746075 /* exenstions.swift */; };
/* End PBXBuildFile section */

/* Begin PBXFileReference section */
		204ACEAF2BAFA39B00746075 /* Spotify.app */ = {isa = PBXFileReference; explicitFileType = wrapper.application; includeInIndex = 0; path = Spotify.app; sourceTree = BUILT_PRODUCTS_DIR; };
		204ACEB22BAFA39B00746075 /* AppDelegate.swift */ = {isa = PBXFileReference; lastKnownFileType = sourcecode.swift; path = AppDelegate.swift; sourceTree = "<group>"; };
		204ACEB42BAFA39B00746075 /* SceneDelegate.swift */ = {isa = PBXFileReference; lastKnownFileType = sourcecode.swift; path = SceneDelegate.swift; sourceTree = "<group>"; };
		204ACEB62BAFA39B00746075 /* ViewController.swift */ = {isa = PBXFileReference; lastKnownFileType = sourcecode.swift; path = ViewController.swift; sourceTree = "<group>"; };
		204ACEBB2BAFA39E00746075 /* Assets.xcassets */ = {isa = PBXFileReference; lastKnownFileType = folder.assetcatalog; path = Assets.xcassets; sourceTree = "<group>"; };
		204ACEBE2BAFA39E00746075 /* Base */ = {isa = PBXFileReference; lastKnownFileType = file.storyboard; name = Base; path = Base.lproj/LaunchScreen.storyboard; sourceTree = "<group>"; };
		204ACEC02BAFA39E00746075 /* Info.plist */ = {isa = PBXFileReference; lastKnownFileType = text.plist.xml; path = Info.plist; sourceTree = "<group>"; };
		204ACED02BAFA4AA00746075 /* SignUpViewController.swift */ = {isa = PBXFileReference; fileEncoding = 4; lastKnownFileType = sourcecode.swift; path = SignUpViewController.swift; sourceTree = "<group>"; };
		204ACED12BAFA4AA00746075 /* SignUpViewController.xib */ = {isa = PBXFileReference; fileEncoding = 4; lastKnownFileType = file.xib; path = SignUpViewController.xib; sourceTree = "<group>"; };
		204ACED32BAFA4AA00746075 /* PreLoginViewController.xib */ = {isa = PBXFileReference; fileEncoding = 4; lastKnownFileType = file.xib; path = PreLoginViewController.xib; sourceTree = "<group>"; };
		204ACED42BAFA4AA00746075 /* PreLoginViewController.swift */ = {isa = PBXFileReference; fileEncoding = 4; lastKnownFileType = sourcecode.swift; path = PreLoginViewController.swift; sourceTree = "<group>"; };
		204ACED62BAFA4AA00746075 /* LoginViewController.xib */ = {isa = PBXFileReference; fileEncoding = 4; lastKnownFileType = file.xib; path = LoginViewController.xib; sourceTree = "<group>"; };
		204ACED72BAFA4AA00746075 /* LoginViewController.swift */ = {isa = PBXFileReference; fileEncoding = 4; lastKnownFileType = sourcecode.swift; path = LoginViewController.swift; sourceTree = "<group>"; };
		204ACEDF2BAFA4F500746075 /* LibraryViewController.xib */ = {isa = PBXFileReference; fileEncoding = 4; lastKnownFileType = file.xib; path = LibraryViewController.xib; sourceTree = "<group>"; };
		204ACEE02BAFA4F500746075 /* LibraryViewController.swift */ = {isa = PBXFileReference; fileEncoding = 4; lastKnownFileType = sourcecode.swift; path = LibraryViewController.swift; sourceTree = "<group>"; };
		204ACEE22BAFA4F500746075 /* HomeViewController.xib */ = {isa = PBXFileReference; fileEncoding = 4; lastKnownFileType = file.xib; path = HomeViewController.xib; sourceTree = "<group>"; };
		204ACEE32BAFA4F500746075 /* HomeViewController.swift */ = {isa = PBXFileReference; fileEncoding = 4; lastKnownFileType = sourcecode.swift; path = HomeViewController.swift; sourceTree = "<group>"; };
		204ACEE52BAFA4F500746075 /* SearchViewController.swift */ = {isa = PBXFileReference; fileEncoding = 4; lastKnownFileType = sourcecode.swift; path = SearchViewController.swift; sourceTree = "<group>"; };
		204ACEE62BAFA4F500746075 /* SearchViewController.xib */ = {isa = PBXFileReference; fileEncoding = 4; lastKnownFileType = file.xib; path = SearchViewController.xib; sourceTree = "<group>"; };
		204ACEE82BAFA4F500746075 /* TabBarViewController.xib */ = {isa = PBXFileReference; fileEncoding = 4; lastKnownFileType = file.xib; path = TabBarViewController.xib; sourceTree = "<group>"; };
		204ACEE92BAFA4F500746075 /* TabBarViewController.swift */ = {isa = PBXFileReference; fileEncoding = 4; lastKnownFileType = sourcecode.swift; path = TabBarViewController.swift; sourceTree = "<group>"; };
		204ACEF42BAFA51200746075 /* exenstions.swift */ = {isa = PBXFileReference; fileEncoding = 4; lastKnownFileType = sourcecode.swift; path = exenstions.swift; sourceTree = "<group>"; };
/* End PBXFileReference section */

/* Begin PBXFrameworksBuildPhase section */
		204ACEAC2BAFA39B00746075 /* Frameworks */ = {
			isa = PBXFrameworksBuildPhase;
			buildActionMask = 2147483647;
			files = (
			);
			runOnlyForDeploymentPostprocessing = 0;
		};
/* End PBXFrameworksBuildPhase section */

/* Begin PBXGroup section */
		204ACEA62BAFA39B00746075 = {
			isa = PBXGroup;
			children = (
				204ACEB12BAFA39B00746075 /* Spotify */,
				204ACEB02BAFA39B00746075 /* Products */,
			);
			sourceTree = "<group>";
		};
		204ACEB02BAFA39B00746075 /* Products */ = {
			isa = PBXGroup;
			children = (
				204ACEAF2BAFA39B00746075 /* Spotify.app */,
			);
			name = Products;
			sourceTree = "<group>";
		};
		204ACEB12BAFA39B00746075 /* Spotify */ = {
			isa = PBXGroup;
			children = (
				204ACEB22BAFA39B00746075 /* AppDelegate.swift */,
				204ACEB42BAFA39B00746075 /* SceneDelegate.swift */,
				204ACEB62BAFA39B00746075 /* ViewController.swift */,
				204ACEBB2BAFA39E00746075 /* Assets.xcassets */,
				204ACEBD2BAFA39E00746075 /* LaunchScreen.storyboard */,
				204ACEC02BAFA39E00746075 /* Info.plist */,
				204ACEF32BAFA51200746075 /* Resourses */,
				204ACEF22BAFA50200746075 /* Presentation */,
			);
			path = Spotify;
			sourceTree = "<group>";
		};
		204ACECE2BAFA4AA00746075 /* Registration */ = {
			isa = PBXGroup;
			children = (
				204ACECF2BAFA4AA00746075 /* SignUp */,
				204ACED22BAFA4AA00746075 /* PreLogin */,
				204ACED52BAFA4AA00746075 /* Login */,
			);
			path = Registration;
			sourceTree = "<group>";
		};
		204ACECF2BAFA4AA00746075 /* SignUp */ = {
			isa = PBXGroup;
			children = (
				204ACED02BAFA4AA00746075 /* SignUpViewController.swift */,
				204ACED12BAFA4AA00746075 /* SignUpViewController.xib */,
			);
			path = SignUp;
			sourceTree = "<group>";
		};
		204ACED22BAFA4AA00746075 /* PreLogin */ = {
			isa = PBXGroup;
			children = (
				204ACED32BAFA4AA00746075 /* PreLoginViewController.xib */,
				204ACED42BAFA4AA00746075 /* PreLoginViewController.swift */,
			);
			path = PreLogin;
			sourceTree = "<group>";
		};
		204ACED52BAFA4AA00746075 /* Login */ = {
			isa = PBXGroup;
			children = (
				204ACED62BAFA4AA00746075 /* LoginViewController.xib */,
				204ACED72BAFA4AA00746075 /* LoginViewController.swift */,
			);
			path = Login;
			sourceTree = "<group>";
		};
		204ACEDE2BAFA4F500746075 /* Library */ = {
			isa = PBXGroup;
			children = (
				204ACEDF2BAFA4F500746075 /* LibraryViewController.xib */,
				204ACEE02BAFA4F500746075 /* LibraryViewController.swift */,
			);
			path = Library;
			sourceTree = "<group>";
		};
		204ACEE12BAFA4F500746075 /* Home */ = {
			isa = PBXGroup;
			children = (
				204ACEE22BAFA4F500746075 /* HomeViewController.xib */,
				204ACEE32BAFA4F500746075 /* HomeViewController.swift */,
			);
			path = Home;
			sourceTree = "<group>";
		};
		204ACEE42BAFA4F500746075 /* Search */ = {
			isa = PBXGroup;
			children = (
				204ACEE52BAFA4F500746075 /* SearchViewController.swift */,
				204ACEE62BAFA4F500746075 /* SearchViewController.xib */,
			);
			path = Search;
			sourceTree = "<group>";
		};
		204ACEE72BAFA4F500746075 /* TabBar */ = {
			isa = PBXGroup;
			children = (
				204ACEE82BAFA4F500746075 /* TabBarViewController.xib */,
				204ACEE92BAFA4F500746075 /* TabBarViewController.swift */,
			);
			path = TabBar;
			sourceTree = "<group>";
		};
		204ACEF22BAFA50200746075 /* Presentation */ = {
			isa = PBXGroup;
			children = (
				204ACEE12BAFA4F500746075 /* Home */,
				204ACEDE2BAFA4F500746075 /* Library */,
				204ACEE42BAFA4F500746075 /* Search */,
				204ACEE72BAFA4F500746075 /* TabBar */,
				204ACECE2BAFA4AA00746075 /* Registration */,
			);
			path = Presentation;
			sourceTree = "<group>";
		};
		204ACEF32BAFA51200746075 /* Resourses */ = {
			isa = PBXGroup;
			children = (
				204ACEF42BAFA51200746075 /* exenstions.swift */,
			);
			path = Resourses;
			sourceTree = "<group>";
		};
/* End PBXGroup section */

/* Begin PBXNativeTarget section */
		204ACEAE2BAFA39B00746075 /* Spotify */ = {
			isa = PBXNativeTarget;
			buildConfigurationList = 204ACEC32BAFA39E00746075 /* Build configuration list for PBXNativeTarget "Spotify" */;
			buildPhases = (
				204ACEAB2BAFA39B00746075 /* Sources */,
				204ACEAC2BAFA39B00746075 /* Frameworks */,
				204ACEAD2BAFA39B00746075 /* Resources */,
			);
			buildRules = (
			);
			dependencies = (
			);
			name = Spotify;
			productName = Spotify;
			productReference = 204ACEAF2BAFA39B00746075 /* Spotify.app */;
			productType = "com.apple.product-type.application";
		};
/* End PBXNativeTarget section */

/* Begin PBXProject section */
		204ACEA72BAFA39B00746075 /* Project object */ = {
			isa = PBXProject;
			attributes = {
				BuildIndependentTargetsInParallel = 1;
				LastSwiftUpdateCheck = 1500;
				LastUpgradeCheck = 1500;
				TargetAttributes = {
					204ACEAE2BAFA39B00746075 = {
						CreatedOnToolsVersion = 15.0.1;
					};
				};
			};
			buildConfigurationList = 204ACEAA2BAFA39B00746075 /* Build configuration list for PBXProject "Spotify" */;
			compatibilityVersion = "Xcode 14.0";
			developmentRegion = en;
			hasScannedForEncodings = 0;
			knownRegions = (
				en,
				Base,
			);
			mainGroup = 204ACEA62BAFA39B00746075;
			productRefGroup = 204ACEB02BAFA39B00746075 /* Products */;
			projectDirPath = "";
			projectRoot = "";
			targets = (
				204ACEAE2BAFA39B00746075 /* Spotify */,
			);
		};
/* End PBXProject section */

/* Begin PBXResourcesBuildPhase section */
		204ACEAD2BAFA39B00746075 /* Resources */ = {
			isa = PBXResourcesBuildPhase;
			buildActionMask = 2147483647;
			files = (
				204ACEF02BAFA4F500746075 /* TabBarViewController.xib in Resources */,
				204ACEBF2BAFA39E00746075 /* LaunchScreen.storyboard in Resources */,
				204ACEDC2BAFA4AA00746075 /* LoginViewController.xib in Resources */,
				204ACEEA2BAFA4F500746075 /* LibraryViewController.xib in Resources */,
				204ACEDA2BAFA4AA00746075 /* PreLoginViewController.xib in Resources */,
				204ACEEF2BAFA4F500746075 /* SearchViewController.xib in Resources */,
				204ACED92BAFA4AA00746075 /* SignUpViewController.xib in Resources */,
				204ACEBC2BAFA39E00746075 /* Assets.xcassets in Resources */,
				204ACEEC2BAFA4F500746075 /* HomeViewController.xib in Resources */,
			);
			runOnlyForDeploymentPostprocessing = 0;
		};
/* End PBXResourcesBuildPhase section */

/* Begin PBXSourcesBuildPhase section */
		204ACEAB2BAFA39B00746075 /* Sources */ = {
			isa = PBXSourcesBuildPhase;
			buildActionMask = 2147483647;
			files = (
				204ACEEE2BAFA4F500746075 /* SearchViewController.swift in Sources */,
				204ACEDD2BAFA4AA00746075 /* LoginViewController.swift in Sources */,
				204ACEF12BAFA4F500746075 /* TabBarViewController.swift in Sources */,
				204ACEDB2BAFA4AA00746075 /* PreLoginViewController.swift in Sources */,
				204ACEEB2BAFA4F500746075 /* LibraryViewController.swift in Sources */,
				204ACEB72BAFA39B00746075 /* ViewController.swift in Sources */,
				204ACEED2BAFA4F500746075 /* HomeViewController.swift in Sources */,
				204ACEB32BAFA39B00746075 /* AppDelegate.swift in Sources */,
				204ACEB52BAFA39B00746075 /* SceneDelegate.swift in Sources */,
				204ACEF52BAFA51200746075 /* exenstions.swift in Sources */,
				204ACED82BAFA4AA00746075 /* SignUpViewController.swift in Sources */,
			);
			runOnlyForDeploymentPostprocessing = 0;
		};
/* End PBXSourcesBuildPhase section */

/* Begin PBXVariantGroup section */
		204ACEBD2BAFA39E00746075 /* LaunchScreen.storyboard */ = {
			isa = PBXVariantGroup;
			children = (
				204ACEBE2BAFA39E00746075 /* Base */,
			);
			name = LaunchScreen.storyboard;
			sourceTree = "<group>";
		};
/* End PBXVariantGroup section */

/* Begin XCBuildConfiguration section */
		204ACEC12BAFA39E00746075 /* Debug */ = {
			isa = XCBuildConfiguration;
			buildSettings = {
				ALWAYS_SEARCH_USER_PATHS = NO;
				ASSETCATALOG_COMPILER_GENERATE_SWIFT_ASSET_SYMBOL_EXTENSIONS = YES;
				CLANG_ANALYZER_NONNULL = YES;
				CLANG_ANALYZER_NUMBER_OBJECT_CONVERSION = YES_AGGRESSIVE;
				CLANG_CXX_LANGUAGE_STANDARD = "gnu++20";
				CLANG_ENABLE_MODULES = YES;
				CLANG_ENABLE_OBJC_ARC = YES;
				CLANG_ENABLE_OBJC_WEAK = YES;
				CLANG_WARN_BLOCK_CAPTURE_AUTORELEASING = YES;
				CLANG_WARN_BOOL_CONVERSION = YES;
				CLANG_WARN_COMMA = YES;
				CLANG_WARN_CONSTANT_CONVERSION = YES;
				CLANG_WARN_DEPRECATED_OBJC_IMPLEMENTATIONS = YES;
				CLANG_WARN_DIRECT_OBJC_ISA_USAGE = YES_ERROR;
				CLANG_WARN_DOCUMENTATION_COMMENTS = YES;
				CLANG_WARN_EMPTY_BODY = YES;
				CLANG_WARN_ENUM_CONVERSION = YES;
				CLANG_WARN_INFINITE_RECURSION = YES;
				CLANG_WARN_INT_CONVERSION = YES;
				CLANG_WARN_NON_LITERAL_NULL_CONVERSION = YES;
				CLANG_WARN_OBJC_IMPLICIT_RETAIN_SELF = YES;
				CLANG_WARN_OBJC_LITERAL_CONVERSION = YES;
				CLANG_WARN_OBJC_ROOT_CLASS = YES_ERROR;
				CLANG_WARN_QUOTED_INCLUDE_IN_FRAMEWORK_HEADER = YES;
				CLANG_WARN_RANGE_LOOP_ANALYSIS = YES;
				CLANG_WARN_STRICT_PROTOTYPES = YES;
				CLANG_WARN_SUSPICIOUS_MOVE = YES;
				CLANG_WARN_UNGUARDED_AVAILABILITY = YES_AGGRESSIVE;
				CLANG_WARN_UNREACHABLE_CODE = YES;
				CLANG_WARN__DUPLICATE_METHOD_MATCH = YES;
				COPY_PHASE_STRIP = NO;
				DEBUG_INFORMATION_FORMAT = dwarf;
				ENABLE_STRICT_OBJC_MSGSEND = YES;
				ENABLE_TESTABILITY = YES;
				ENABLE_USER_SCRIPT_SANDBOXING = YES;
				GCC_C_LANGUAGE_STANDARD = gnu17;
				GCC_DYNAMIC_NO_PIC = NO;
				GCC_NO_COMMON_BLOCKS = YES;
				GCC_OPTIMIZATION_LEVEL = 0;
				GCC_PREPROCESSOR_DEFINITIONS = (
					"DEBUG=1",
					"$(inherited)",
				);
				GCC_WARN_64_TO_32_BIT_CONVERSION = YES;
				GCC_WARN_ABOUT_RETURN_TYPE = YES_ERROR;
				GCC_WARN_UNDECLARED_SELECTOR = YES;
				GCC_WARN_UNINITIALIZED_AUTOS = YES_AGGRESSIVE;
				GCC_WARN_UNUSED_FUNCTION = YES;
				GCC_WARN_UNUSED_VARIABLE = YES;
				IPHONEOS_DEPLOYMENT_TARGET = 17.0;
				LOCALIZATION_PREFERS_STRING_CATALOGS = YES;
				MTL_ENABLE_DEBUG_INFO = INCLUDE_SOURCE;
				MTL_FAST_MATH = YES;
				ONLY_ACTIVE_ARCH = YES;
				SDKROOT = iphoneos;
				SWIFT_ACTIVE_COMPILATION_CONDITIONS = "DEBUG $(inherited)";
				SWIFT_OPTIMIZATION_LEVEL = "-Onone";
			};
			name = Debug;
		};
		204ACEC22BAFA39E00746075 /* Release */ = {
			isa = XCBuildConfiguration;
			buildSettings = {
				ALWAYS_SEARCH_USER_PATHS = NO;
				ASSETCATALOG_COMPILER_GENERATE_SWIFT_ASSET_SYMBOL_EXTENSIONS = YES;
				CLANG_ANALYZER_NONNULL = YES;
				CLANG_ANALYZER_NUMBER_OBJECT_CONVERSION = YES_AGGRESSIVE;
				CLANG_CXX_LANGUAGE_STANDARD = "gnu++20";
				CLANG_ENABLE_MODULES = YES;
				CLANG_ENABLE_OBJC_ARC = YES;
				CLANG_ENABLE_OBJC_WEAK = YES;
				CLANG_WARN_BLOCK_CAPTURE_AUTORELEASING = YES;
				CLANG_WARN_BOOL_CONVERSION = YES;
				CLANG_WARN_COMMA = YES;
				CLANG_WARN_CONSTANT_CONVERSION = YES;
				CLANG_WARN_DEPRECATED_OBJC_IMPLEMENTATIONS = YES;
				CLANG_WARN_DIRECT_OBJC_ISA_USAGE = YES_ERROR;
				CLANG_WARN_DOCUMENTATION_COMMENTS = YES;
				CLANG_WARN_EMPTY_BODY = YES;
				CLANG_WARN_ENUM_CONVERSION = YES;
				CLANG_WARN_INFINITE_RECURSION = YES;
				CLANG_WARN_INT_CONVERSION = YES;
				CLANG_WARN_NON_LITERAL_NULL_CONVERSION = YES;
				CLANG_WARN_OBJC_IMPLICIT_RETAIN_SELF = YES;
				CLANG_WARN_OBJC_LITERAL_CONVERSION = YES;
				CLANG_WARN_OBJC_ROOT_CLASS = YES_ERROR;
				CLANG_WARN_QUOTED_INCLUDE_IN_FRAMEWORK_HEADER = YES;
				CLANG_WARN_RANGE_LOOP_ANALYSIS = YES;
				CLANG_WARN_STRICT_PROTOTYPES = YES;
				CLANG_WARN_SUSPICIOUS_MOVE = YES;
				CLANG_WARN_UNGUARDED_AVAILABILITY = YES_AGGRESSIVE;
				CLANG_WARN_UNREACHABLE_CODE = YES;
				CLANG_WARN__DUPLICATE_METHOD_MATCH = YES;
				COPY_PHASE_STRIP = NO;
				DEBUG_INFORMATION_FORMAT = "dwarf-with-dsym";
				ENABLE_NS_ASSERTIONS = NO;
				ENABLE_STRICT_OBJC_MSGSEND = YES;
				ENABLE_USER_SCRIPT_SANDBOXING = YES;
				GCC_C_LANGUAGE_STANDARD = gnu17;
				GCC_NO_COMMON_BLOCKS = YES;
				GCC_WARN_64_TO_32_BIT_CONVERSION = YES;
				GCC_WARN_ABOUT_RETURN_TYPE = YES_ERROR;
				GCC_WARN_UNDECLARED_SELECTOR = YES;
				GCC_WARN_UNINITIALIZED_AUTOS = YES_AGGRESSIVE;
				GCC_WARN_UNUSED_FUNCTION = YES;
				GCC_WARN_UNUSED_VARIABLE = YES;
				IPHONEOS_DEPLOYMENT_TARGET = 17.0;
				LOCALIZATION_PREFERS_STRING_CATALOGS = YES;
				MTL_ENABLE_DEBUG_INFO = NO;
				MTL_FAST_MATH = YES;
				SDKROOT = iphoneos;
				SWIFT_COMPILATION_MODE = wholemodule;
				VALIDATE_PRODUCT = YES;
			};
			name = Release;
		};
		204ACEC42BAFA39E00746075 /* Debug */ = {
			isa = XCBuildConfiguration;
			buildSettings = {
				ASSETCATALOG_COMPILER_APPICON_NAME = AppIcon;
				ASSETCATALOG_COMPILER_GLOBAL_ACCENT_COLOR_NAME = AccentColor;
				CODE_SIGN_STYLE = Automatic;
				CURRENT_PROJECT_VERSION = 1;
				DEVELOPMENT_TEAM = AKB2P78M7Z;
				GENERATE_INFOPLIST_FILE = YES;
				INFOPLIST_FILE = Spotify/Info.plist;
				INFOPLIST_KEY_UIApplicationSupportsIndirectInputEvents = YES;
				INFOPLIST_KEY_UILaunchStoryboardName = LaunchScreen;
				INFOPLIST_KEY_UISupportedInterfaceOrientations_iPad = "UIInterfaceOrientationPortrait UIInterfaceOrientationPortraitUpsideDown UIInterfaceOrientationLandscapeLeft UIInterfaceOrientationLandscapeRight";
				INFOPLIST_KEY_UISupportedInterfaceOrientations_iPhone = "UIInterfaceOrientationPortrait UIInterfaceOrientationLandscapeLeft UIInterfaceOrientationLandscapeRight";
				LD_RUNPATH_SEARCH_PATHS = (
					"$(inherited)",
					"@executable_path/Frameworks",
				);
				MARKETING_VERSION = 1.0;
				PRODUCT_BUNDLE_IDENTIFIER = ellashy.Spotify;
				PRODUCT_NAME = "$(TARGET_NAME)";
				SWIFT_EMIT_LOC_STRINGS = YES;
				SWIFT_VERSION = 5.0;
				TARGETED_DEVICE_FAMILY = "1,2";
			};
			name = Debug;
		};
		204ACEC52BAFA39E00746075 /* Release */ = {
			isa = XCBuildConfiguration;
			buildSettings = {
				ASSETCATALOG_COMPILER_APPICON_NAME = AppIcon;
				ASSETCATALOG_COMPILER_GLOBAL_ACCENT_COLOR_NAME = AccentColor;
				CODE_SIGN_STYLE = Automatic;
				CURRENT_PROJECT_VERSION = 1;
				DEVELOPMENT_TEAM = AKB2P78M7Z;
				GENERATE_INFOPLIST_FILE = YES;
				INFOPLIST_FILE = Spotify/Info.plist;
				INFOPLIST_KEY_UIApplicationSupportsIndirectInputEvents = YES;
				INFOPLIST_KEY_UILaunchStoryboardName = LaunchScreen;
				INFOPLIST_KEY_UISupportedInterfaceOrientations_iPad = "UIInterfaceOrientationPortrait UIInterfaceOrientationPortraitUpsideDown UIInterfaceOrientationLandscapeLeft UIInterfaceOrientationLandscapeRight";
				INFOPLIST_KEY_UISupportedInterfaceOrientations_iPhone = "UIInterfaceOrientationPortrait UIInterfaceOrientationLandscapeLeft UIInterfaceOrientationLandscapeRight";
				LD_RUNPATH_SEARCH_PATHS = (
					"$(inherited)",
					"@executable_path/Frameworks",
				);
				MARKETING_VERSION = 1.0;
				PRODUCT_BUNDLE_IDENTIFIER = ellashy.Spotify;
				PRODUCT_NAME = "$(TARGET_NAME)";
				SWIFT_EMIT_LOC_STRINGS = YES;
				SWIFT_VERSION = 5.0;
				TARGETED_DEVICE_FAMILY = "1,2";
			};
			name = Release;
		};
/* End XCBuildConfiguration section */

/* Begin XCConfigurationList section */
		204ACEAA2BAFA39B00746075 /* Build configuration list for PBXProject "Spotify" */ = {
			isa = XCConfigurationList;
			buildConfigurations = (
				204ACEC12BAFA39E00746075 /* Debug */,
				204ACEC22BAFA39E00746075 /* Release */,
			);
			defaultConfigurationIsVisible = 0;
			defaultConfigurationName = Release;
		};
		204ACEC32BAFA39E00746075 /* Build configuration list for PBXNativeTarget "Spotify" */ = {
			isa = XCConfigurationList;
			buildConfigurations = (
				204ACEC42BAFA39E00746075 /* Debug */,
				204ACEC52BAFA39E00746075 /* Release */,
			);
			defaultConfigurationIsVisible = 0;
			defaultConfigurationName = Release;
		};
/* End XCConfigurationList section */
	};
	rootObject = 204ACEA72BAFA39B00746075 /* Project object */;
}
